
Microsoft Visual Studio Solution File, Format Version 12.00
# Visual Studio 14
VisualStudioVersion = 14.0.25420.1
MinimumVisualStudioVersion = 10.0.40219.1
Project("{2150E333-8FDC-42A3-9474-1A3956D46DE8}") = "src", "src", "{F8920DF6-4F33-4F6F-BD82-B8F38ABE1001}"
EndProject
Project("{2150E333-8FDC-42A3-9474-1A3956D46DE8}") = "Solution Items", "Solution Items", "{8CDE57FD-3A28-4DBB-8378-717AEC0A638A}"
	ProjectSection(SolutionItems) = preProject
		global.json = global.json
	EndProjectSection
EndProject
Project("{8BB2217D-0F2D-49D1-97BC-3654ED321F3B}") = "TripPlanner.UI", "src\TripPlanner.UI\TripPlanner.UI.xproj", "{AEA3C4D0-0389-45A3-B01A-E4AE99912FFA}"
EndProject
Project("{8BB2217D-0F2D-49D1-97BC-3654ED321F3B}") = "TripPlanner", "src\TripPlanner\TripPlanner.xproj", "{69263767-479C-4C60-98F9-216AD0C97780}"
EndProject
Project("{8BB2217D-0F2D-49D1-97BC-3654ED321F3B}") = "TripPlanner.Tests", "src\TripPlanner.Tests\TripPlanner.Tests.xproj", "{5C256268-E0FB-42A6-B068-C6EAFBDAF302}"
EndProject
Global
	GlobalSection(SolutionConfigurationPlatforms) = preSolution
		Debug|Any CPU = Debug|Any CPU
		Release|Any CPU = Release|Any CPU
	EndGlobalSection
	GlobalSection(ProjectConfigurationPlatforms) = postSolution
		{AEA3C4D0-0389-45A3-B01A-E4AE99912FFA}.Debug|Any CPU.ActiveCfg = Debug|Any CPU
		{AEA3C4D0-0389-45A3-B01A-E4AE99912FFA}.Debug|Any CPU.Build.0 = Debug|Any CPU
		{AEA3C4D0-0389-45A3-B01A-E4AE99912FFA}.Release|Any CPU.ActiveCfg = Release|Any CPU
		{AEA3C4D0-0389-45A3-B01A-E4AE99912FFA}.Release|Any CPU.Build.0 = Release|Any CPU
		{69263767-479C-4C60-98F9-216AD0C97780}.Debug|Any CPU.ActiveCfg = Debug|Any CPU
		{69263767-479C-4C60-98F9-216AD0C97780}.Debug|Any CPU.Build.0 = Debug|Any CPU
		{69263767-479C-4C60-98F9-216AD0C97780}.Release|Any CPU.ActiveCfg = Release|Any CPU
		{69263767-479C-4C60-98F9-216AD0C97780}.Release|Any CPU.Build.0 = Release|Any CPU
		{5C256268-E0FB-42A6-B068-C6EAFBDAF302}.Debug|Any CPU.ActiveCfg = Debug|Any CPU
		{5C256268-E0FB-42A6-B068-C6EAFBDAF302}.Debug|Any CPU.Build.0 = Debug|Any CPU
		{5C256268-E0FB-42A6-B068-C6EAFBDAF302}.Release|Any CPU.ActiveCfg = Release|Any CPU
		{5C256268-E0FB-42A6-B068-C6EAFBDAF302}.Release|Any CPU.Build.0 = Release|Any CPU
	EndGlobalSection
	GlobalSection(SolutionProperties) = preSolution
		HideSolutionNode = FALSE
	EndGlobalSection
	GlobalSection(NestedProjects) = preSolution
		{AEA3C4D0-0389-45A3-B01A-E4AE99912FFA} = {F8920DF6-4F33-4F6F-BD82-B8F38ABE1001}
		{69263767-479C-4C60-98F9-216AD0C97780} = {F8920DF6-4F33-4F6F-BD82-B8F38ABE1001}
		{5C256268-E0FB-42A6-B068-C6EAFBDAF302} = {F8920DF6-4F33-4F6F-BD82-B8F38ABE1001}
	EndGlobalSection
EndGlobal
